
Microsoft Visual Studio Solution File, Format Version 12.00
# Visual Studio Version 17
VisualStudioVersion = 17.10.35027.167
MinimumVisualStudioVersion = 10.0.40219.1
Project("{FAE04EC0-301F-11D3-BF4B-00C04F79EFBC}") = "GeneratePublicLink", "GeneratePublicLink\GeneratePublicLink.csproj", "{1897DAB2-AE9E-449F-9081-2BC36DAE8DBB}"
EndProject
Global
	GlobalSection(SolutionConfigurationPlatforms) = preSolution
		Debug|Any CPU = Debug|Any CPU
		Release|Any CPU = Release|Any CPU
	EndGlobalSection
	GlobalSection(ProjectConfigurationPlatforms) = postSolution
		{1897DAB2-AE9E-449F-9081-2BC36DAE8DBB}.Debug|Any CPU.ActiveCfg = Debug|Any CPU
		{1897DAB2-AE9E-449F-9081-2BC36DAE8DBB}.Debug|Any CPU.Build.0 = Debug|Any CPU
		{1897DAB2-AE9E-449F-9081-2BC36DAE8DBB}.Release|Any CPU.ActiveCfg = Release|Any CPU
		{1897DAB2-AE9E-449F-9081-2BC36DAE8DBB}.Release|Any CPU.Build.0 = Release|Any CPU
	EndGlobalSection
	GlobalSection(SolutionProperties) = preSolution
		HideSolutionNode = FALSE
	EndGlobalSection
	GlobalSection(ExtensibilityGlobals) = postSolution
		SolutionGuid = {0D00F1A5-713D-4ABC-9EB6-F0B8AD80F782}
	EndGlobalSection
EndGlobal
